
Microsoft Visual Studio Solution File, Format Version 12.00
# Visual Studio Version 16
VisualStudioVersion = 16.0.29519.87
MinimumVisualStudioVersion = 10.0.40219.1
Project("{9A19103F-16F7-4668-BE54-9A1E7A4F7556}") = "HW03.Task1", "HW03.Task1\HW03.Task1.csproj", "{96C0F7E4-D2D0-4095-954F-114713C3D9CD}"
EndProject
Project("{9A19103F-16F7-4668-BE54-9A1E7A4F7556}") = "HW03.Task2", "HW03.Task2\HW03.Task2.csproj", "{BE0D6A51-427E-4FA0-A99A-34049DE7DA44}"
EndProject
Project("{9A19103F-16F7-4668-BE54-9A1E7A4F7556}") = "HW.04_Task1", "HW.04_Task1\HW.04_Task1.csproj", "{8FC63373-D8AF-4374-944F-DB52B0D19842}"
EndProject
Project("{9A19103F-16F7-4668-BE54-9A1E7A4F7556}") = "HW.04_Task2", "HW.04_Task2\HW.04_Task2.csproj", "{B1E28898-0560-49CD-BB9C-223FF3F2B0FA}"
EndProject
Project("{FAE04EC0-301F-11D3-BF4B-00C04F79EFBC}") = "HW.08_Task1", "HW.08_Task1\HW.08_Task1.csproj", "{DCA7E4F5-82C9-4AA9-81C1-C35AF59385C1}"
EndProject
Project("{FAE04EC0-301F-11D3-BF4B-00C04F79EFBC}") = "HW.08_Task2_AssemblyOne", "HW.08_Task2_AssemblyOne\HW.08_Task2_AssemblyOne.csproj", "{D2958F70-63D3-4471-9343-364655E4EBC6}"
EndProject
Project("{FAE04EC0-301F-11D3-BF4B-00C04F79EFBC}") = "HW.08_Task2_AssemblyTwo", "HW.08_Task2_AssemblyTwo\HW.08_Task2_AssemblyTwo.csproj", "{66C86555-D670-436C-BB03-AED0F80450E8}"
EndProject
Global
	GlobalSection(SolutionConfigurationPlatforms) = preSolution
		Debug|Any CPU = Debug|Any CPU
		Release|Any CPU = Release|Any CPU
	EndGlobalSection
	GlobalSection(ProjectConfigurationPlatforms) = postSolution
		{96C0F7E4-D2D0-4095-954F-114713C3D9CD}.Debug|Any CPU.ActiveCfg = Debug|Any CPU
		{96C0F7E4-D2D0-4095-954F-114713C3D9CD}.Release|Any CPU.ActiveCfg = Release|Any CPU
		{BE0D6A51-427E-4FA0-A99A-34049DE7DA44}.Debug|Any CPU.ActiveCfg = Debug|Any CPU
		{BE0D6A51-427E-4FA0-A99A-34049DE7DA44}.Release|Any CPU.ActiveCfg = Release|Any CPU
		{8FC63373-D8AF-4374-944F-DB52B0D19842}.Debug|Any CPU.ActiveCfg = Debug|Any CPU
		{8FC63373-D8AF-4374-944F-DB52B0D19842}.Debug|Any CPU.Build.0 = Debug|Any CPU
		{8FC63373-D8AF-4374-944F-DB52B0D19842}.Release|Any CPU.ActiveCfg = Release|Any CPU
		{8FC63373-D8AF-4374-944F-DB52B0D19842}.Release|Any CPU.Build.0 = Release|Any CPU
		{B1E28898-0560-49CD-BB9C-223FF3F2B0FA}.Debug|Any CPU.ActiveCfg = Debug|Any CPU
		{B1E28898-0560-49CD-BB9C-223FF3F2B0FA}.Debug|Any CPU.Build.0 = Debug|Any CPU
		{B1E28898-0560-49CD-BB9C-223FF3F2B0FA}.Release|Any CPU.ActiveCfg = Release|Any CPU
		{B1E28898-0560-49CD-BB9C-223FF3F2B0FA}.Release|Any CPU.Build.0 = Release|Any CPU
		{DCA7E4F5-82C9-4AA9-81C1-C35AF59385C1}.Debug|Any CPU.ActiveCfg = Debug|Any CPU
		{DCA7E4F5-82C9-4AA9-81C1-C35AF59385C1}.Debug|Any CPU.Build.0 = Debug|Any CPU
		{DCA7E4F5-82C9-4AA9-81C1-C35AF59385C1}.Release|Any CPU.ActiveCfg = Release|Any CPU
		{DCA7E4F5-82C9-4AA9-81C1-C35AF59385C1}.Release|Any CPU.Build.0 = Release|Any CPU
		{D2958F70-63D3-4471-9343-364655E4EBC6}.Debug|Any CPU.ActiveCfg = Debug|Any CPU
		{D2958F70-63D3-4471-9343-364655E4EBC6}.Debug|Any CPU.Build.0 = Debug|Any CPU
		{D2958F70-63D3-4471-9343-364655E4EBC6}.Release|Any CPU.ActiveCfg = Release|Any CPU
		{D2958F70-63D3-4471-9343-364655E4EBC6}.Release|Any CPU.Build.0 = Release|Any CPU
		{66C86555-D670-436C-BB03-AED0F80450E8}.Debug|Any CPU.ActiveCfg = Debug|Any CPU
		{66C86555-D670-436C-BB03-AED0F80450E8}.Debug|Any CPU.Build.0 = Debug|Any CPU
		{66C86555-D670-436C-BB03-AED0F80450E8}.Release|Any CPU.ActiveCfg = Release|Any CPU
		{66C86555-D670-436C-BB03-AED0F80450E8}.Release|Any CPU.Build.0 = Release|Any CPU
	EndGlobalSection
	GlobalSection(SolutionProperties) = preSolution
		HideSolutionNode = FALSE
	EndGlobalSection
	GlobalSection(ExtensibilityGlobals) = postSolution
		SolutionGuid = {E87F0FBE-3E7D-46D6-B8EC-9F8866021D76}
	EndGlobalSection
EndGlobal
